{
  "schema_version": "1.0.0",
  "last_updated": "2025-01-24T06:43:42.289213-05:00",
  "repositories": null,
  "remote_text_files": [
    {
      "metadata": {},
      "repository_name": "google/addlicense",
      "release_ref": "master",
      "local_path": "pkg/addlicense/.copy.gitignore",
      "last_updated": "2025-01-24T06:43:40.523645-05:00",
      "is_patched": false,
      "content_hash": "1740a8e751f5bb5f4a4559425e861b9f2e3ef1a27363e9c3258f44fc0d270628",
      "patch": null,
      "permalink": "https://github.com/google/addlicense/blob/master/.gitignore",
      "license": null
    },
    {
      "metadata": {},
      "repository_name": "google/addlicense",
      "release_ref": "master",
      "local_path": "pkg/addlicense/.golangci.copy.yaml",
      "last_updated": "2025-01-24T06:43:40.66525-05:00",
      "is_patched": false,
      "content_hash": "9686db769e17b02f2c8f75f29b85ae4335f67765f34781c5e2d5dd0592eaea7f",
      "patch": null,
      "permalink": "https://github.com/google/addlicense/blob/master/.golangci.yaml",
      "license": null
    },
    {
      "metadata": {},
      "repository_name": "google/addlicense",
      "release_ref": "master",
      "local_path": "pkg/addlicense/.goreleaser.copy.yaml",
      "last_updated": "2025-01-24T06:43:40.782387-05:00",
      "is_patched": false,
      "content_hash": "5636e396b85806d5378921d8336fdfa6c45d1fe1eb1a1136f74875d945128363",
      "patch": null,
      "permalink": "https://github.com/google/addlicense/blob/master/.goreleaser.yaml",
      "license": null
    },
    {
      "metadata": {},
      "repository_name": "google/addlicense",
      "release_ref": "master",
      "local_path": "pkg/addlicense/CONTRIBUTING.copy.md",
      "last_updated": "2025-01-24T06:43:40.928324-05:00",
      "is_patched": false,
      "content_hash": "4d896b6ac14716d09e5c4431dcef36ac22513755db16b6c5b4bd892039dd7384",
      "patch": null,
      "permalink": "https://github.com/google/addlicense/blob/master/CONTRIBUTING.md",
      "license": null
    },
    {
      "metadata": {},
      "repository_name": "google/addlicense",
      "release_ref": "master",
      "local_path": "pkg/addlicense/Dockerfile.copy",
      "last_updated": "2025-01-24T06:43:41.074747-05:00",
      "is_patched": false,
      "content_hash": "93ccfca14377d7947d2ee64a2ddaba8a777ab1a915652a3ae9f24d715dd1aca0",
      "patch": null,
      "permalink": "https://github.com/google/addlicense/blob/master/Dockerfile",
      "license": null
    },
    {
      "metadata": {},
      "repository_name": "google/addlicense",
      "release_ref": "master",
      "local_path": "pkg/addlicense/LICENSE.copy",
      "last_updated": "2025-01-24T06:43:41.205761-05:00",
      "is_patched": false,
      "content_hash": "cfc7749b96f63bd31c3c42b5c471bf756814053e847c10f3eb003417bc523d30",
      "patch": null,
      "permalink": "https://github.com/google/addlicense/blob/master/LICENSE",
      "license": null
    },
    {
      "metadata": {},
      "repository_name": "google/addlicense",
      "release_ref": "master",
      "local_path": "pkg/addlicense/README.copy.md",
      "last_updated": "2025-01-24T06:43:41.329644-05:00",
      "is_patched": false,
      "content_hash": "263ab24dd0c20dbb0765d57f686fb6bba74a7e9ae56d41d622aa43b97f33d6b2",
      "patch": null,
      "permalink": "https://github.com/google/addlicense/blob/master/README.md",
      "license": null
    },
    {
      "metadata": {},
      "repository_name": "google/addlicense",
      "release_ref": "master",
      "local_path": "pkg/addlicense/go.copy.mod",
      "last_updated": "2025-01-24T06:43:41.458781-05:00",
      "is_patched": false,
      "content_hash": "a82864c09088a91df8c47c3f177cd9232c757470b8fe08be32d9956732e9e689",
      "patch": null,
      "permalink": "https://github.com/google/addlicense/blob/master/go.mod",
      "license": null
    },
    {
      "metadata": {},
      "repository_name": "google/addlicense",
      "release_ref": "master",
      "local_path": "pkg/addlicense/go.copy.sum",
      "last_updated": "2025-01-24T06:43:41.56876-05:00",
      "is_patched": false,
      "content_hash": "ba521a11f462fcbf06f5b7d5eff42360a4153451f48105ef830b97249990b9a4",
      "patch": null,
      "permalink": "https://github.com/google/addlicense/blob/master/go.sum",
      "license": null
    },
    {
      "metadata": {},
      "repository_name": "google/addlicense",
      "release_ref": "master",
      "local_path": "pkg/addlicense/main.copy.go",
      "last_updated": "2025-01-24T06:43:41.788013-05:00",
      "is_patched": false,
      "content_hash": "0858a40b0d861bb0263dd3eac28730be577148f56df37f9e882e989e056f912f",
      "patch": null,
      "permalink": "https://github.com/google/addlicense/blob/master/main.go",
      "license": null
    },
    {
      "metadata": {},
      "repository_name": "google/addlicense",
      "release_ref": "master",
      "local_path": "pkg/addlicense/main_test.copy.go",
      "last_updated": "2025-01-24T06:43:41.996086-05:00",
      "is_patched": false,
      "content_hash": "231cf7f1ab4503e088bdf3d3574a8afcaa61b06664911ecedec713c30dcfbd5e",
      "patch": null,
      "permalink": "https://github.com/google/addlicense/blob/master/main_test.go",
      "license": null
    },
    {
      "metadata": {},
      "repository_name": "google/addlicense",
      "release_ref": "master",
      "local_path": "pkg/addlicense/tmpl.copy.go",
      "last_updated": "2025-01-24T06:43:42.158714-05:00",
      "is_patched": false,
      "content_hash": "3265637fc6ec2714f0f19a200d4c585951a42d3fdb144e727b7f60aa805fb37e",
      "patch": null,
      "permalink": "https://github.com/google/addlicense/blob/master/tmpl.go",
      "license": null
    },
    {
      "metadata": {},
      "repository_name": "google/addlicense",
      "release_ref": "master",
      "local_path": "pkg/addlicense/tmpl_test.copy.go",
      "last_updated": "2025-01-24T06:43:42.289003-05:00",
      "is_patched": false,
      "content_hash": "6ea35f224fa7a6c97be22d2f1a450d2e1712c1fd3c74a790c7be4ea45a2a8feb",
      "patch": null,
      "permalink": "https://github.com/google/addlicense/blob/master/tmpl_test.go",
      "license": null
    }
  ],
  "generated_files": null,
  "config": null,
  "archive_files": null
}