{
	"last_updated": "0001-01-01T00:00:00Z",
	"commit_hash": "d5cd1f8920cb2c8f8e23fa18cf70d92ce6d8c5e2",
	"branch": "master",
	"coppied_files": {
		"README.copy.md": {
			"file": "README.copy.md",
			"source": "github.com/golang/tools@d5cd1f8920cb2c8f8e23fa18cf70d92ce6d8c5e2",
			"permalink": "https://raw.githubusercontent.com/golang/tools/d5cd1f8920cb2c8f8e23fa18cf70d92ce6d8c5e2/gopls/internal/protocol/generate/README.md",
			"last_updated": "2025-01-22T18:49:55.48235Z",
			"changes": [
				"Line 90: Replaced 'tsprotocol.go' with 'tsprotocol.gen.go'",
				"Line 129: Replaced 'tsprotocol.go' with 'tsprotocol.gen.go'",
				"Line 87: Replaced 'tsserver.go' with 'tsserver.gen.go'",
				"Line 128: Replaced 'tsserver.go' with 'tsserver.gen.go'",
				"Line 87: Replaced 'tsclient.go' with 'tsclient.gen.go'",
				"Line 127: Replaced 'tsclient.go' with 'tsclient.gen.go'",
				"Line 89: Replaced 'tsjson.go' with 'tsjson.gen.go'"
			]
		},
		"generate.copy.go": {
			"file": "generate.copy.go",
			"source": "github.com/golang/tools@d5cd1f8920cb2c8f8e23fa18cf70d92ce6d8c5e2",
			"permalink": "https://raw.githubusercontent.com/golang/tools/d5cd1f8920cb2c8f8e23fa18cf70d92ce6d8c5e2/gopls/internal/protocol/generate/generate.go",
			"last_updated": "2025-01-22T18:49:55.637721Z"
		},
		"main.copy.go": {
			"file": "main.copy.go",
			"source": "github.com/golang/tools@d5cd1f8920cb2c8f8e23fa18cf70d92ce6d8c5e2",
			"permalink": "https://raw.githubusercontent.com/golang/tools/d5cd1f8920cb2c8f8e23fa18cf70d92ce6d8c5e2/gopls/internal/protocol/generate/main.go",
			"last_updated": "2025-01-22T18:49:55.815935Z",
			"changes": [
				"Line 188: Replaced 'tsprotocol.go' with 'tsprotocol.gen.go'",
				"Line 155: Replaced 'tsserver.go' with 'tsserver.gen.go'",
				"Line 124: Replaced 'tsclient.go' with 'tsclient.gen.go'",
				"Line 212: Replaced 'tsjson.go' with 'tsjson.gen.go'"
			]
		},
		"main_test.copy.go": {
			"file": "main_test.copy.go",
			"source": "github.com/golang/tools@d5cd1f8920cb2c8f8e23fa18cf70d92ce6d8c5e2",
			"permalink": "https://raw.githubusercontent.com/golang/tools/d5cd1f8920cb2c8f8e23fa18cf70d92ce6d8c5e2/gopls/internal/protocol/generate/main_test.go",
			"last_updated": "2025-01-22T18:49:55.969839Z"
		},
		"output.copy.go": {
			"file": "output.copy.go",
			"source": "github.com/golang/tools@d5cd1f8920cb2c8f8e23fa18cf70d92ce6d8c5e2",
			"permalink": "https://raw.githubusercontent.com/golang/tools/d5cd1f8920cb2c8f8e23fa18cf70d92ce6d8c5e2/gopls/internal/protocol/generate/output.go",
			"last_updated": "2025-01-22T18:49:56.093633Z",
			"changes": [
				"Line 29: Replaced 'tsprotocol.go' with 'tsprotocol.gen.go'",
				"Line 25: Replaced 'tsserver.go' with 'tsserver.gen.go'",
				"Line 21: Replaced 'tsclient.go' with 'tsclient.gen.go'"
			]
		},
		"tables.copy.go": {
			"file": "tables.copy.go",
			"source": "github.com/golang/tools@d5cd1f8920cb2c8f8e23fa18cf70d92ce6d8c5e2",
			"permalink": "https://raw.githubusercontent.com/golang/tools/d5cd1f8920cb2c8f8e23fa18cf70d92ce6d8c5e2/gopls/internal/protocol/generate/tables.go",
			"last_updated": "2025-01-22T18:49:56.210198Z"
		},
		"typenames.copy.go": {
			"file": "typenames.copy.go",
			"source": "github.com/golang/tools@d5cd1f8920cb2c8f8e23fa18cf70d92ce6d8c5e2",
			"permalink": "https://raw.githubusercontent.com/golang/tools/d5cd1f8920cb2c8f8e23fa18cf70d92ce6d8c5e2/gopls/internal/protocol/generate/typenames.go",
			"last_updated": "2025-01-22T18:49:56.330507Z"
		},
		"types.copy.go": {
			"file": "types.copy.go",
			"source": "github.com/golang/tools@d5cd1f8920cb2c8f8e23fa18cf70d92ce6d8c5e2",
			"permalink": "https://raw.githubusercontent.com/golang/tools/d5cd1f8920cb2c8f8e23fa18cf70d92ce6d8c5e2/gopls/internal/protocol/generate/types.go",
			"last_updated": "2025-01-22T18:49:56.441207Z"
		}
	},
	"generated_files": {},
	"args": {
		"src_repo": "github.com/golang/tools",
		"src_ref": "master",
		"src_path": "gopls/internal/protocol/generate",
		"copy_args": {
			"replacements": [
				{
					"old": "tsprotocol.go",
					"new": "tsprotocol.gen.go"
				},
				{
					"old": "tsserver.go",
					"new": "tsserver.gen.go"
				},
				{
					"old": "tsclient.go",
					"new": "tsclient.gen.go"
				},
				{
					"old": "tsjson.go",
					"new": "tsjson.gen.go"
				}
			],
			"ignore_files": [
				"*.txt"
			]
		}
	}
}